// !$*UTF8*$!
{
	archiveVersion = 1;
	classes = {
	};
	objectVersion = 56;
	objects = {

/* Begin PBXBuildFile section */
		A10000000000000000000001 /* App/SignotesApp.swift in Sources */ = {isa = PBXBuildFile; fileRef = B10000000000000000000001 /* App/SignotesApp.swift */; };
		A10000000000000000000002 /* Assets.xcassets in Resources */ = {isa = PBXBuildFile; fileRef = B10000000000000000000002 /* Assets.xcassets */; };
		A10000000000000000000003 /* Domain/Models/NotebookFolder.swift in Sources */ = {isa = PBXBuildFile; fileRef = B10000000000000000000004 /* Domain/Models/NotebookFolder.swift */; };
		A10000000000000000000004 /* Domain/Models/NoteDocument.swift in Sources */ = {isa = PBXBuildFile; fileRef = B10000000000000000000005 /* Domain/Models/NoteDocument.swift */; };
		A10000000000000000000005 /* Domain/Models/NoteLibrarySnapshot.swift in Sources */ = {isa = PBXBuildFile; fileRef = B10000000000000000000006 /* Domain/Models/NoteLibrarySnapshot.swift */; };
		A10000000000000000000006 /* Domain/Models/NotePage.swift in Sources */ = {isa = PBXBuildFile; fileRef = B10000000000000000000007 /* Domain/Models/NotePage.swift */; };
		A10000000000000000000007 /* Domain/Models/PageFormat.swift in Sources */ = {isa = PBXBuildFile; fileRef = B10000000000000000000008 /* Domain/Models/PageFormat.swift */; };
		A10000000000000000000008 /* Domain/Models/PageTemplate.swift in Sources */ = {isa = PBXBuildFile; fileRef = B10000000000000000000009 /* Domain/Models/PageTemplate.swift */; };
		A10000000000000000000009 /* Domain/Models/DrawingToolKind.swift in Sources */ = {isa = PBXBuildFile; fileRef = B1000000000000000000000A /* Domain/Models/DrawingToolKind.swift */; };
		A1000000000000000000000A /* Domain/Models/DrawingToolPreset.swift in Sources */ = {isa = PBXBuildFile; fileRef = B1000000000000000000000B /* Domain/Models/DrawingToolPreset.swift */; };
		A1000000000000000000000B /* Domain/Repositories/NotesRepository.swift in Sources */ = {isa = PBXBuildFile; fileRef = B1000000000000000000000C /* Domain/Repositories/NotesRepository.swift */; };
		A1000000000000000000000C /* Domain/Repositories/DrawingRepository.swift in Sources */ = {isa = PBXBuildFile; fileRef = B1000000000000000000000D /* Domain/Repositories/DrawingRepository.swift */; };
		A1000000000000000000000D /* Data/LocalStorageError.swift in Sources */ = {isa = PBXBuildFile; fileRef = B1000000000000000000000E /* Data/LocalStorageError.swift */; };
		A1000000000000000000000E /* Data/FileSystemNotesRepository.swift in Sources */ = {isa = PBXBuildFile; fileRef = B1000000000000000000000F /* Data/FileSystemNotesRepository.swift */; };
		A1000000000000000000000F /* Data/FileSystemDrawingRepository.swift in Sources */ = {isa = PBXBuildFile; fileRef = B10000000000000000000010 /* Data/FileSystemDrawingRepository.swift */; };
		A10000000000000000000010 /* Presentation/Editor/NoteEditorViewModel.swift in Sources */ = {isa = PBXBuildFile; fileRef = B10000000000000000000011 /* Presentation/Editor/NoteEditorViewModel.swift */; };
		A10000000000000000000011 /* Presentation/Editor/NoteEditorView.swift in Sources */ = {isa = PBXBuildFile; fileRef = B10000000000000000000012 /* Presentation/Editor/NoteEditorView.swift */; };
		A10000000000000000000012 /* Presentation/Canvas/PageCanvasView.swift in Sources */ = {isa = PBXBuildFile; fileRef = B10000000000000000000013 /* Presentation/Canvas/PageCanvasView.swift */; };
		A10000000000000000000013 /* Presentation/Canvas/PageBackgroundView.swift in Sources */ = {isa = PBXBuildFile; fileRef = B10000000000000000000014 /* Presentation/Canvas/PageBackgroundView.swift */; };
		A10000000000000000000014 /* Presentation/Canvas/PencilCanvasRepresentable.swift in Sources */ = {isa = PBXBuildFile; fileRef = B10000000000000000000015 /* Presentation/Canvas/PencilCanvasRepresentable.swift */; };
		A10000000000000000000015 /* Presentation/Library/LibraryViewModel.swift in Sources */ = {isa = PBXBuildFile; fileRef = B10000000000000000000016 /* Presentation/Library/LibraryViewModel.swift */; };
		A10000000000000000000016 /* Presentation/Library/LibraryView.swift in Sources */ = {isa = PBXBuildFile; fileRef = B10000000000000000000017 /* Presentation/Library/LibraryView.swift */; };
		A10000000000000000000017 /* Presentation/Library/LibraryDesign.swift in Sources */ = {isa = PBXBuildFile; fileRef = B10000000000000000000018 /* Presentation/Library/LibraryDesign.swift */; };
		A10000000000000000000018 /* Presentation/Library/LibraryItemEditorSheet.swift in Sources */ = {isa = PBXBuildFile; fileRef = B10000000000000000000019 /* Presentation/Library/LibraryItemEditorSheet.swift */; };
		A10000000000000000000019 /* Presentation/Library/LibraryDeletionRequest.swift in Sources */ = {isa = PBXBuildFile; fileRef = B1000000000000000000001A /* Presentation/Library/LibraryDeletionRequest.swift */; };
		A1000000000000000000001A /* Presentation/Library/LibraryTileViews.swift in Sources */ = {isa = PBXBuildFile; fileRef = B1000000000000000000001B /* Presentation/Library/LibraryTileViews.swift */; };
		A1000000000000000000001B /* Presentation/Library/LibraryGridView.swift in Sources */ = {isa = PBXBuildFile; fileRef = B1000000000000000000001C /* Presentation/Library/LibraryGridView.swift */; };
		A1000000000000000000001C /* Presentation/Library/LibraryHeaderView.swift in Sources */ = {isa = PBXBuildFile; fileRef = B1000000000000000000001D /* Presentation/Library/LibraryHeaderView.swift */; };
		A1000000000000000000001D /* Presentation/Library/LibraryDragItem.swift in Sources */ = {isa = PBXBuildFile; fileRef = B1000000000000000000001E /* Presentation/Library/LibraryDragItem.swift */; };
		A1000000000000000000001E /* Presentation/Canvas/CanvasViewportConfiguration.swift in Sources */ = {isa = PBXBuildFile; fileRef = B1000000000000000000001F /* Presentation/Canvas/CanvasViewportConfiguration.swift */; };
		A1000000000000000000001F /* Presentation/Canvas/ZoomablePageScrollView.swift in Sources */ = {isa = PBXBuildFile; fileRef = B10000000000000000000020 /* Presentation/Canvas/ZoomablePageScrollView.swift */; };
		A10000000000000000000020 /* Presentation/Editor/EditorDrawingTool.swift in Sources */ = {isa = PBXBuildFile; fileRef = B10000000000000000000021 /* Presentation/Editor/EditorDrawingTool.swift */; };
		A10000000000000000000021 /* Presentation/Editor/EditorToolPaletteView.swift in Sources */ = {isa = PBXBuildFile; fileRef = B10000000000000000000022 /* Presentation/Editor/EditorToolPaletteView.swift */; };
		A20000000000000000000001 /* DomainModelTests.swift in Sources */ = {isa = PBXBuildFile; fileRef = B20000000000000000000001 /* DomainModelTests.swift */; };
		A20000000000000000000002 /* LocalPersistenceTests.swift in Sources */ = {isa = PBXBuildFile; fileRef = B20000000000000000000003 /* LocalPersistenceTests.swift */; };
		A20000000000000000000003 /* LibraryViewModelTests.swift in Sources */ = {isa = PBXBuildFile; fileRef = B20000000000000000000004 /* LibraryViewModelTests.swift */; };
		A20000000000000000000004 /* NoteEditorViewModelTests.swift in Sources */ = {isa = PBXBuildFile; fileRef = B20000000000000000000005 /* NoteEditorViewModelTests.swift */; };
		A20000000000000000000005 /* CanvasViewportConfigurationTests.swift in Sources */ = {isa = PBXBuildFile; fileRef = B20000000000000000000006 /* CanvasViewportConfigurationTests.swift */; };
/* End PBXBuildFile section */

/* Begin PBXContainerItemProxy section */
		H20000000000000000000002 /* PBXContainerItemProxy */ = {
			isa = PBXContainerItemProxy;
			containerPortal = E10000000000000000000002 /* Project object */;
			proxyType = 1;
			remoteGlobalIDString = E10000000000000000000001;
			remoteInfo = Signotes;
		};
/* End PBXContainerItemProxy section */

/* Begin PBXFileReference section */
		B10000000000000000000001 /* App/SignotesApp.swift */ = {isa = PBXFileReference; lastKnownFileType = sourcecode.swift; path = App/SignotesApp.swift; sourceTree = "<group>"; };
		B10000000000000000000002 /* Assets.xcassets */ = {isa = PBXFileReference; lastKnownFileType = folder.assetcatalog; path = Assets.xcassets; sourceTree = "<group>"; };
		B10000000000000000000003 /* Signotes.app */ = {isa = PBXFileReference; explicitFileType = wrapper.application; includeInIndex = 0; path = Signotes.app; sourceTree = BUILT_PRODUCTS_DIR; };
		B10000000000000000000004 /* Domain/Models/NotebookFolder.swift */ = {isa = PBXFileReference; lastKnownFileType = sourcecode.swift; path = Domain/Models/NotebookFolder.swift; sourceTree = "<group>"; };
		B10000000000000000000005 /* Domain/Models/NoteDocument.swift */ = {isa = PBXFileReference; lastKnownFileType = sourcecode.swift; path = Domain/Models/NoteDocument.swift; sourceTree = "<group>"; };
		B10000000000000000000006 /* Domain/Models/NoteLibrarySnapshot.swift */ = {isa = PBXFileReference; lastKnownFileType = sourcecode.swift; path = Domain/Models/NoteLibrarySnapshot.swift; sourceTree = "<group>"; };
		B10000000000000000000007 /* Domain/Models/NotePage.swift */ = {isa = PBXFileReference; lastKnownFileType = sourcecode.swift; path = Domain/Models/NotePage.swift; sourceTree = "<group>"; };
		B10000000000000000000008 /* Domain/Models/PageFormat.swift */ = {isa = PBXFileReference; lastKnownFileType = sourcecode.swift; path = Domain/Models/PageFormat.swift; sourceTree = "<group>"; };
		B10000000000000000000009 /* Domain/Models/PageTemplate.swift */ = {isa = PBXFileReference; lastKnownFileType = sourcecode.swift; path = Domain/Models/PageTemplate.swift; sourceTree = "<group>"; };
		B1000000000000000000000A /* Domain/Models/DrawingToolKind.swift */ = {isa = PBXFileReference; lastKnownFileType = sourcecode.swift; path = Domain/Models/DrawingToolKind.swift; sourceTree = "<group>"; };
		B1000000000000000000000B /* Domain/Models/DrawingToolPreset.swift */ = {isa = PBXFileReference; lastKnownFileType = sourcecode.swift; path = Domain/Models/DrawingToolPreset.swift; sourceTree = "<group>"; };
		B1000000000000000000000C /* Domain/Repositories/NotesRepository.swift */ = {isa = PBXFileReference; lastKnownFileType = sourcecode.swift; path = Domain/Repositories/NotesRepository.swift; sourceTree = "<group>"; };
		B1000000000000000000000D /* Domain/Repositories/DrawingRepository.swift */ = {isa = PBXFileReference; lastKnownFileType = sourcecode.swift; path = Domain/Repositories/DrawingRepository.swift; sourceTree = "<group>"; };
		B1000000000000000000000E /* Data/LocalStorageError.swift */ = {isa = PBXFileReference; lastKnownFileType = sourcecode.swift; path = Data/LocalStorageError.swift; sourceTree = "<group>"; };
		B1000000000000000000000F /* Data/FileSystemNotesRepository.swift */ = {isa = PBXFileReference; lastKnownFileType = sourcecode.swift; path = Data/FileSystemNotesRepository.swift; sourceTree = "<group>"; };
		B10000000000000000000010 /* Data/FileSystemDrawingRepository.swift */ = {isa = PBXFileReference; lastKnownFileType = sourcecode.swift; path = Data/FileSystemDrawingRepository.swift; sourceTree = "<group>"; };
		B10000000000000000000011 /* Presentation/Editor/NoteEditorViewModel.swift */ = {isa = PBXFileReference; lastKnownFileType = sourcecode.swift; path = Presentation/Editor/NoteEditorViewModel.swift; sourceTree = "<group>"; };
		B10000000000000000000012 /* Presentation/Editor/NoteEditorView.swift */ = {isa = PBXFileReference; lastKnownFileType = sourcecode.swift; path = Presentation/Editor/NoteEditorView.swift; sourceTree = "<group>"; };
		B10000000000000000000013 /* Presentation/Canvas/PageCanvasView.swift */ = {isa = PBXFileReference; lastKnownFileType = sourcecode.swift; path = Presentation/Canvas/PageCanvasView.swift; sourceTree = "<group>"; };
		B10000000000000000000014 /* Presentation/Canvas/PageBackgroundView.swift */ = {isa = PBXFileReference; lastKnownFileType = sourcecode.swift; path = Presentation/Canvas/PageBackgroundView.swift; sourceTree = "<group>"; };
		B10000000000000000000015 /* Presentation/Canvas/PencilCanvasRepresentable.swift */ = {isa = PBXFileReference; lastKnownFileType = sourcecode.swift; path = Presentation/Canvas/PencilCanvasRepresentable.swift; sourceTree = "<group>"; };
		B10000000000000000000016 /* Presentation/Library/LibraryViewModel.swift */ = {isa = PBXFileReference; lastKnownFileType = sourcecode.swift; path = Presentation/Library/LibraryViewModel.swift; sourceTree = "<group>"; };
		B10000000000000000000017 /* Presentation/Library/LibraryView.swift */ = {isa = PBXFileReference; lastKnownFileType = sourcecode.swift; path = Presentation/Library/LibraryView.swift; sourceTree = "<group>"; };
		B10000000000000000000018 /* Presentation/Library/LibraryDesign.swift */ = {isa = PBXFileReference; lastKnownFileType = sourcecode.swift; path = Presentation/Library/LibraryDesign.swift; sourceTree = "<group>"; };
		B10000000000000000000019 /* Presentation/Library/LibraryItemEditorSheet.swift */ = {isa = PBXFileReference; lastKnownFileType = sourcecode.swift; path = Presentation/Library/LibraryItemEditorSheet.swift; sourceTree = "<group>"; };
		B1000000000000000000001A /* Presentation/Library/LibraryDeletionRequest.swift */ = {isa = PBXFileReference; lastKnownFileType = sourcecode.swift; path = Presentation/Library/LibraryDeletionRequest.swift; sourceTree = "<group>"; };
		B1000000000000000000001B /* Presentation/Library/LibraryTileViews.swift */ = {isa = PBXFileReference; lastKnownFileType = sourcecode.swift; path = Presentation/Library/LibraryTileViews.swift; sourceTree = "<group>"; };
		B1000000000000000000001C /* Presentation/Library/LibraryGridView.swift */ = {isa = PBXFileReference; lastKnownFileType = sourcecode.swift; path = Presentation/Library/LibraryGridView.swift; sourceTree = "<group>"; };
		B1000000000000000000001D /* Presentation/Library/LibraryHeaderView.swift */ = {isa = PBXFileReference; lastKnownFileType = sourcecode.swift; path = Presentation/Library/LibraryHeaderView.swift; sourceTree = "<group>"; };
		B1000000000000000000001E /* Presentation/Library/LibraryDragItem.swift */ = {isa = PBXFileReference; lastKnownFileType = sourcecode.swift; path = Presentation/Library/LibraryDragItem.swift; sourceTree = "<group>"; };
		B1000000000000000000001F /* Presentation/Canvas/CanvasViewportConfiguration.swift */ = {isa = PBXFileReference; lastKnownFileType = sourcecode.swift; path = Presentation/Canvas/CanvasViewportConfiguration.swift; sourceTree = "<group>"; };
		B10000000000000000000020 /* Presentation/Canvas/ZoomablePageScrollView.swift */ = {isa = PBXFileReference; lastKnownFileType = sourcecode.swift; path = Presentation/Canvas/ZoomablePageScrollView.swift; sourceTree = "<group>"; };
		B10000000000000000000021 /* Presentation/Editor/EditorDrawingTool.swift */ = {isa = PBXFileReference; lastKnownFileType = sourcecode.swift; path = Presentation/Editor/EditorDrawingTool.swift; sourceTree = "<group>"; };
		B10000000000000000000022 /* Presentation/Editor/EditorToolPaletteView.swift */ = {isa = PBXFileReference; lastKnownFileType = sourcecode.swift; path = Presentation/Editor/EditorToolPaletteView.swift; sourceTree = "<group>"; };
		B20000000000000000000001 /* DomainModelTests.swift */ = {isa = PBXFileReference; lastKnownFileType = sourcecode.swift; path = Domain/DomainModelTests.swift; sourceTree = "<group>"; };
		B20000000000000000000002 /* SignotesTests.xctest */ = {isa = PBXFileReference; explicitFileType = wrapper.cfbundle; includeInIndex = 0; path = SignotesTests.xctest; sourceTree = BUILT_PRODUCTS_DIR; };
		B20000000000000000000003 /* LocalPersistenceTests.swift */ = {isa = PBXFileReference; lastKnownFileType = sourcecode.swift; path = Data/LocalPersistenceTests.swift; sourceTree = "<group>"; };
		B20000000000000000000004 /* LibraryViewModelTests.swift */ = {isa = PBXFileReference; lastKnownFileType = sourcecode.swift; path = Presentation/LibraryViewModelTests.swift; sourceTree = "<group>"; };
		B20000000000000000000005 /* NoteEditorViewModelTests.swift */ = {isa = PBXFileReference; lastKnownFileType = sourcecode.swift; path = Presentation/NoteEditorViewModelTests.swift; sourceTree = "<group>"; };
		B20000000000000000000006 /* CanvasViewportConfigurationTests.swift */ = {isa = PBXFileReference; lastKnownFileType = sourcecode.swift; path = Presentation/CanvasViewportConfigurationTests.swift; sourceTree = "<group>"; };
/* End PBXFileReference section */

/* Begin PBXFrameworksBuildPhase section */
		C10000000000000000000001 /* Frameworks */ = {
			isa = PBXFrameworksBuildPhase;
			buildActionMask = 2147483647;
			files = (
			);
			runOnlyForDeploymentPostprocessing = 0;
		};
		C20000000000000000000002 /* Frameworks */ = {
			isa = PBXFrameworksBuildPhase;
			buildActionMask = 2147483647;
			files = (
			);
			runOnlyForDeploymentPostprocessing = 0;
		};
/* End PBXFrameworksBuildPhase section */

/* Begin PBXGroup section */
		D10000000000000000000001 = {
			isa = PBXGroup;
			children = (
				D10000000000000000000002 /* Signotes */,
				D20000000000000000000001 /* SignotesTests */,
				D10000000000000000000003 /* Products */,
			);
			sourceTree = "<group>";
		};
		D10000000000000000000002 /* Signotes */ = {
			isa = PBXGroup;
			children = (
				B10000000000000000000001 /* App/SignotesApp.swift */,
				B10000000000000000000004 /* Domain/Models/NotebookFolder.swift */,
				B10000000000000000000005 /* Domain/Models/NoteDocument.swift */,
				B10000000000000000000006 /* Domain/Models/NoteLibrarySnapshot.swift */,
				B10000000000000000000007 /* Domain/Models/NotePage.swift */,
				B10000000000000000000008 /* Domain/Models/PageFormat.swift */,
				B10000000000000000000009 /* Domain/Models/PageTemplate.swift */,
				B1000000000000000000000A /* Domain/Models/DrawingToolKind.swift */,
				B1000000000000000000000B /* Domain/Models/DrawingToolPreset.swift */,
				B1000000000000000000000C /* Domain/Repositories/NotesRepository.swift */,
				B1000000000000000000000D /* Domain/Repositories/DrawingRepository.swift */,
				B1000000000000000000000E /* Data/LocalStorageError.swift */,
				B1000000000000000000000F /* Data/FileSystemNotesRepository.swift */,
				B10000000000000000000010 /* Data/FileSystemDrawingRepository.swift */,
				B10000000000000000000011 /* Presentation/Editor/NoteEditorViewModel.swift */,
				B10000000000000000000012 /* Presentation/Editor/NoteEditorView.swift */,
				B10000000000000000000021 /* Presentation/Editor/EditorDrawingTool.swift */,
				B10000000000000000000022 /* Presentation/Editor/EditorToolPaletteView.swift */,
				B10000000000000000000013 /* Presentation/Canvas/PageCanvasView.swift */,
				B10000000000000000000014 /* Presentation/Canvas/PageBackgroundView.swift */,
				B10000000000000000000015 /* Presentation/Canvas/PencilCanvasRepresentable.swift */,
				B1000000000000000000001F /* Presentation/Canvas/CanvasViewportConfiguration.swift */,
				B10000000000000000000020 /* Presentation/Canvas/ZoomablePageScrollView.swift */,
				B10000000000000000000016 /* Presentation/Library/LibraryViewModel.swift */,
				B10000000000000000000017 /* Presentation/Library/LibraryView.swift */,
				B10000000000000000000018 /* Presentation/Library/LibraryDesign.swift */,
				B10000000000000000000019 /* Presentation/Library/LibraryItemEditorSheet.swift */,
				B1000000000000000000001A /* Presentation/Library/LibraryDeletionRequest.swift */,
				B1000000000000000000001B /* Presentation/Library/LibraryTileViews.swift */,
				B1000000000000000000001C /* Presentation/Library/LibraryGridView.swift */,
				B1000000000000000000001D /* Presentation/Library/LibraryHeaderView.swift */,
				B1000000000000000000001E /* Presentation/Library/LibraryDragItem.swift */,
				B10000000000000000000002 /* Assets.xcassets */,
			);
			path = Signotes;
			sourceTree = "<group>";
		};
		D10000000000000000000003 /* Products */ = {
			isa = PBXGroup;
			children = (
				B10000000000000000000003 /* Signotes.app */,
				B20000000000000000000002 /* SignotesTests.xctest */,
			);
			name = Products;
			sourceTree = "<group>";
		};
		D20000000000000000000001 /* SignotesTests */ = {
			isa = PBXGroup;
			children = (
				B20000000000000000000001 /* DomainModelTests.swift */,
				B20000000000000000000003 /* LocalPersistenceTests.swift */,
				B20000000000000000000004 /* LibraryViewModelTests.swift */,
				B20000000000000000000005 /* NoteEditorViewModelTests.swift */,
				B20000000000000000000006 /* CanvasViewportConfigurationTests.swift */,
			);
			path = SignotesTests;
			sourceTree = "<group>";
		};
/* End PBXGroup section */

/* Begin PBXNativeTarget section */
		E10000000000000000000001 /* Signotes */ = {
			isa = PBXNativeTarget;
			buildConfigurationList = F10000000000000000000003 /* Build configuration list for PBXNativeTarget "Signotes" */;
			buildPhases = (
				C10000000000000000000002 /* Sources */,
				C10000000000000000000001 /* Frameworks */,
				C10000000000000000000003 /* Resources */,
			);
			buildRules = (
			);
			dependencies = (
			);
			name = Signotes;
			productName = Signotes;
			productReference = B10000000000000000000003 /* Signotes.app */;
			productType = "com.apple.product-type.application";
		};
		E20000000000000000000001 /* SignotesTests */ = {
			isa = PBXNativeTarget;
			buildConfigurationList = F20000000000000000000003 /* Build configuration list for PBXNativeTarget "SignotesTests" */;
			buildPhases = (
				C20000000000000000000001 /* Sources */,
				C20000000000000000000002 /* Frameworks */,
				C20000000000000000000003 /* Resources */,
			);
			buildRules = (
			);
			dependencies = (
				H20000000000000000000001 /* PBXTargetDependency */,
			);
			name = SignotesTests;
			productName = SignotesTests;
			productReference = B20000000000000000000002 /* SignotesTests.xctest */;
			productType = "com.apple.product-type.bundle.unit-test";
		};
/* End PBXNativeTarget section */

/* Begin PBXProject section */
		E10000000000000000000002 /* Project object */ = {
			isa = PBXProject;
			attributes = {
				BuildIndependentTargetsInParallel = 1;
				LastSwiftUpdateCheck = 1600;
				LastUpgradeCheck = 1600;
				TargetAttributes = {
					E10000000000000000000001 = {
						CreatedOnToolsVersion = 16.0;
					};
					E20000000000000000000001 = {
						CreatedOnToolsVersion = 16.0;
						TestTargetID = E10000000000000000000001;
					};
				};
			};
			buildConfigurationList = F10000000000000000000001 /* Build configuration list for PBXProject "Signotes" */;
			compatibilityVersion = "Xcode 14.0";
			developmentRegion = en;
			hasScannedForEncodings = 0;
			knownRegions = (
				en,
				Base,
			);
			mainGroup = D10000000000000000000001;
			productRefGroup = D10000000000000000000003 /* Products */;
			projectDirPath = "";
			projectRoot = "";
			targets = (
				E10000000000000000000001 /* Signotes */,
				E20000000000000000000001 /* SignotesTests */,
			);
		};
/* End PBXProject section */

/* Begin PBXResourcesBuildPhase section */
		C10000000000000000000003 /* Resources */ = {
			isa = PBXResourcesBuildPhase;
			buildActionMask = 2147483647;
			files = (
				A10000000000000000000002 /* Assets.xcassets in Resources */,
			);
			runOnlyForDeploymentPostprocessing = 0;
		};
		C20000000000000000000003 /* Resources */ = {
			isa = PBXResourcesBuildPhase;
			buildActionMask = 2147483647;
			files = (
			);
			runOnlyForDeploymentPostprocessing = 0;
		};
/* End PBXResourcesBuildPhase section */

/* Begin PBXSourcesBuildPhase section */
		C10000000000000000000002 /* Sources */ = {
			isa = PBXSourcesBuildPhase;
			buildActionMask = 2147483647;
			files = (
				A10000000000000000000001 /* App/SignotesApp.swift in Sources */,
				A10000000000000000000003 /* Domain/Models/NotebookFolder.swift in Sources */,
				A10000000000000000000004 /* Domain/Models/NoteDocument.swift in Sources */,
				A10000000000000000000005 /* Domain/Models/NoteLibrarySnapshot.swift in Sources */,
				A10000000000000000000006 /* Domain/Models/NotePage.swift in Sources */,
				A10000000000000000000007 /* Domain/Models/PageFormat.swift in Sources */,
				A10000000000000000000008 /* Domain/Models/PageTemplate.swift in Sources */,
				A10000000000000000000009 /* Domain/Models/DrawingToolKind.swift in Sources */,
				A1000000000000000000000A /* Domain/Models/DrawingToolPreset.swift in Sources */,
				A1000000000000000000000B /* Domain/Repositories/NotesRepository.swift in Sources */,
				A1000000000000000000000C /* Domain/Repositories/DrawingRepository.swift in Sources */,
				A1000000000000000000000D /* Data/LocalStorageError.swift in Sources */,
				A1000000000000000000000E /* Data/FileSystemNotesRepository.swift in Sources */,
				A1000000000000000000000F /* Data/FileSystemDrawingRepository.swift in Sources */,
				A10000000000000000000010 /* Presentation/Editor/NoteEditorViewModel.swift in Sources */,
				A10000000000000000000011 /* Presentation/Editor/NoteEditorView.swift in Sources */,
				A10000000000000000000020 /* Presentation/Editor/EditorDrawingTool.swift in Sources */,
				A10000000000000000000021 /* Presentation/Editor/EditorToolPaletteView.swift in Sources */,
				A10000000000000000000012 /* Presentation/Canvas/PageCanvasView.swift in Sources */,
				A10000000000000000000013 /* Presentation/Canvas/PageBackgroundView.swift in Sources */,
				A10000000000000000000014 /* Presentation/Canvas/PencilCanvasRepresentable.swift in Sources */,
				A10000000000000000000015 /* Presentation/Library/LibraryViewModel.swift in Sources */,
				A10000000000000000000016 /* Presentation/Library/LibraryView.swift in Sources */,
				A10000000000000000000017 /* Presentation/Library/LibraryDesign.swift in Sources */,
				A10000000000000000000018 /* Presentation/Library/LibraryItemEditorSheet.swift in Sources */,
				A10000000000000000000019 /* Presentation/Library/LibraryDeletionRequest.swift in Sources */,
				A1000000000000000000001A /* Presentation/Library/LibraryTileViews.swift in Sources */,
				A1000000000000000000001B /* Presentation/Library/LibraryGridView.swift in Sources */,
				A1000000000000000000001C /* Presentation/Library/LibraryHeaderView.swift in Sources */,
				A1000000000000000000001D /* Presentation/Library/LibraryDragItem.swift in Sources */,
				A1000000000000000000001E /* Presentation/Canvas/CanvasViewportConfiguration.swift in Sources */,
				A1000000000000000000001F /* Presentation/Canvas/ZoomablePageScrollView.swift in Sources */,
			);
			runOnlyForDeploymentPostprocessing = 0;
		};
		C20000000000000000000001 /* Sources */ = {
			isa = PBXSourcesBuildPhase;
			buildActionMask = 2147483647;
			files = (
				A20000000000000000000001 /* DomainModelTests.swift in Sources */,
				A20000000000000000000002 /* LocalPersistenceTests.swift in Sources */,
				A20000000000000000000003 /* LibraryViewModelTests.swift in Sources */,
				A20000000000000000000004 /* NoteEditorViewModelTests.swift in Sources */,
				A20000000000000000000005 /* CanvasViewportConfigurationTests.swift in Sources */,
			);
			runOnlyForDeploymentPostprocessing = 0;
		};
/* End PBXSourcesBuildPhase section */

/* Begin PBXTargetDependency section */
		H20000000000000000000001 /* PBXTargetDependency */ = {
			isa = PBXTargetDependency;
			target = E10000000000000000000001 /* Signotes */;
			targetProxy = H20000000000000000000002 /* PBXContainerItemProxy */;
		};
/* End PBXTargetDependency section */

/* Begin XCBuildConfiguration section */
		F10000000000000000000004 /* Debug */ = {
			isa = XCBuildConfiguration;
			buildSettings = {
				ALWAYS_SEARCH_USER_PATHS = NO;
				CLANG_ENABLE_MODULES = YES;
				CODE_SIGN_STYLE = Automatic;
				COPY_PHASE_STRIP = NO;
				DEBUG_INFORMATION_FORMAT = dwarf;
				ENABLE_TESTABILITY = YES;
				GCC_DYNAMIC_NO_PIC = NO;
				GCC_OPTIMIZATION_LEVEL = 0;
				IPHONEOS_DEPLOYMENT_TARGET = 18.0;
				SDKROOT = iphoneos;
				SWIFT_ACTIVE_COMPILATION_CONDITIONS = "DEBUG $(inherited)";
				SWIFT_OPTIMIZATION_LEVEL = "-Onone";
			};
			name = Debug;
		};
		F10000000000000000000005 /* Release */ = {
			isa = XCBuildConfiguration;
			buildSettings = {
				ALWAYS_SEARCH_USER_PATHS = NO;
				CLANG_ENABLE_MODULES = YES;
				COPY_PHASE_STRIP = NO;
				DEBUG_INFORMATION_FORMAT = "dwarf-with-dsym";
				ENABLE_NS_ASSERTIONS = NO;
				IPHONEOS_DEPLOYMENT_TARGET = 18.0;
				SDKROOT = iphoneos;
				SWIFT_COMPILATION_MODE = wholemodule;
				VALIDATE_PRODUCT = YES;
			};
			name = Release;
		};
		F10000000000000000000006 /* Debug */ = {
			isa = XCBuildConfiguration;
			buildSettings = {
				ASSETCATALOG_COMPILER_GLOBAL_ACCENT_COLOR_NAME = AccentColor;
				CODE_SIGN_STYLE = Automatic;
				CURRENT_PROJECT_VERSION = 1;
				DEVELOPMENT_TEAM = 5M2RV7R4H2;
				ENABLE_PREVIEWS = YES;
				GENERATE_INFOPLIST_FILE = YES;
				INFOPLIST_KEY_CFBundleDisplayName = Signotes;
				INFOPLIST_KEY_LSApplicationCategoryType = "public.app-category.productivity";
				INFOPLIST_KEY_UILaunchScreen_Generation = YES;
				IPHONEOS_DEPLOYMENT_TARGET = 18.0;
				MARKETING_VERSION = 0.1.0;
				PRODUCT_BUNDLE_IDENTIFIER = com.signocreator.signotes;
				PRODUCT_NAME = "$(TARGET_NAME)";
				SUPPORTED_PLATFORMS = "iphoneos iphonesimulator";
				SUPPORTS_MACCATALYST = NO;
				SUPPORTS_MAC_DESIGNED_FOR_IPHONE_IPAD = NO;
				SWIFT_VERSION = 6.0;
				TARGETED_DEVICE_FAMILY = 2;
			};
			name = Debug;
		};
		F10000000000000000000007 /* Release */ = {
			isa = XCBuildConfiguration;
			buildSettings = {
				ASSETCATALOG_COMPILER_GLOBAL_ACCENT_COLOR_NAME = AccentColor;
				CODE_SIGN_STYLE = Automatic;
				CURRENT_PROJECT_VERSION = 1;
				DEVELOPMENT_TEAM = 5M2RV7R4H2;
				ENABLE_PREVIEWS = YES;
				GENERATE_INFOPLIST_FILE = YES;
				INFOPLIST_KEY_CFBundleDisplayName = Signotes;
				INFOPLIST_KEY_LSApplicationCategoryType = "public.app-category.productivity";
				INFOPLIST_KEY_UILaunchScreen_Generation = YES;
				IPHONEOS_DEPLOYMENT_TARGET = 18.0;
				MARKETING_VERSION = 0.1.0;
				PRODUCT_BUNDLE_IDENTIFIER = com.signocreator.signotes;
				PRODUCT_NAME = "$(TARGET_NAME)";
				SUPPORTED_PLATFORMS = "iphoneos iphonesimulator";
				SUPPORTS_MACCATALYST = NO;
				SUPPORTS_MAC_DESIGNED_FOR_IPHONE_IPAD = NO;
				SWIFT_VERSION = 6.0;
				TARGETED_DEVICE_FAMILY = 2;
			};
			name = Release;
		};
		F20000000000000000000001 /* Debug */ = {
			isa = XCBuildConfiguration;
			buildSettings = {
				BUNDLE_LOADER = "$(TEST_HOST)";
				CODE_SIGN_STYLE = Automatic;
				CURRENT_PROJECT_VERSION = 1;
				DEVELOPMENT_TEAM = 5M2RV7R4H2;
				GENERATE_INFOPLIST_FILE = YES;
				IPHONEOS_DEPLOYMENT_TARGET = 18.0;
				LD_RUNPATH_SEARCH_PATHS = (
					"$(inherited)",
					"@executable_path/Frameworks",
					"@loader_path/Frameworks",
				);
				MARKETING_VERSION = 0.1.0;
				PRODUCT_BUNDLE_IDENTIFIER = com.signocreator.signotesTests;
				PRODUCT_NAME = "$(TARGET_NAME)";
				SWIFT_VERSION = 6.0;
				TARGETED_DEVICE_FAMILY = 2;
				TEST_HOST = "$(BUILT_PRODUCTS_DIR)/Signotes.app/$(BUNDLE_EXECUTABLE_FOLDER_PATH)/Signotes";
			};
			name = Debug;
		};
		F20000000000000000000002 /* Release */ = {
			isa = XCBuildConfiguration;
			buildSettings = {
				BUNDLE_LOADER = "$(TEST_HOST)";
				CODE_SIGN_STYLE = Automatic;
				CURRENT_PROJECT_VERSION = 1;
				DEVELOPMENT_TEAM = 5M2RV7R4H2;
				GENERATE_INFOPLIST_FILE = YES;
				IPHONEOS_DEPLOYMENT_TARGET = 18.0;
				LD_RUNPATH_SEARCH_PATHS = (
					"$(inherited)",
					"@executable_path/Frameworks",
					"@loader_path/Frameworks",
				);
				MARKETING_VERSION = 0.1.0;
				PRODUCT_BUNDLE_IDENTIFIER = com.signocreator.signotesTests;
				PRODUCT_NAME = "$(TARGET_NAME)";
				SWIFT_VERSION = 6.0;
				TARGETED_DEVICE_FAMILY = 2;
				TEST_HOST = "$(BUILT_PRODUCTS_DIR)/Signotes.app/$(BUNDLE_EXECUTABLE_FOLDER_PATH)/Signotes";
			};
			name = Release;
		};
/* End XCBuildConfiguration section */

/* Begin XCConfigurationList section */
		F10000000000000000000001 /* Build configuration list for PBXProject "Signotes" */ = {
			isa = XCConfigurationList;
			buildConfigurations = (
				F10000000000000000000004 /* Debug */,
				F10000000000000000000005 /* Release */,
			);
			defaultConfigurationIsVisible = 0;
			defaultConfigurationName = Release;
		};
		F10000000000000000000003 /* Build configuration list for PBXNativeTarget "Signotes" */ = {
			isa = XCConfigurationList;
			buildConfigurations = (
				F10000000000000000000006 /* Debug */,
				F10000000000000000000007 /* Release */,
			);
			defaultConfigurationIsVisible = 0;
			defaultConfigurationName = Release;
		};
		F20000000000000000000003 /* Build configuration list for PBXNativeTarget "SignotesTests" */ = {
			isa = XCConfigurationList;
			buildConfigurations = (
				F20000000000000000000001 /* Debug */,
				F20000000000000000000002 /* Release */,
			);
			defaultConfigurationIsVisible = 0;
			defaultConfigurationName = Release;
		};
/* End XCConfigurationList section */
	};
	rootObject = E10000000000000000000002 /* Project object */;
}
